{
  "version": "3",
  "packages": {
    "specifiers": {
      "jsr:@hono/hono@^4.4.11": "jsr:@hono/hono@4.4.11"
    },
    "jsr": {
      "@hono/hono@4.4.11": {
        "integrity": "9a739ef99e0b9c5ecb1b25dc8dc4f928cb34d1a6cfdca29a1637db9cbbd660cd"
      }
    }
  },
  "redirects": {
    "https://esm.sh/@consumet/extensions": "https://esm.sh/@consumet/extensions@1.6.0"
  },
  "remote": {
    "https://deno.land/std@0.150.0/media_types/_util.ts": "ce9b4fc4ba1c447dafab619055e20fd88236ca6bdd7834a21f98bd193c3fbfa1",
    "https://deno.land/std@0.150.0/media_types/mod.ts": "2d4b6f32a087029272dc59e0a55ae3cc4d1b27b794ccf528e94b1925795b3118",
    "https://deno.land/std@0.150.0/media_types/vendor/mime-db.v1.52.0.ts": "724cee25fa40f1a52d3937d6b4fbbfdd7791ff55e1b7ac08d9319d5632c7f5af",
    "https://deno.land/x/xhr@0.3.0/mod.ts": "094aacd627fd9635cd942053bf8032b5223b909858fa9dc8ffa583752ff63b20",
    "https://esm.sh/@consumet/extensions@1.6.0": "5959e528bc8bf052655e0f8e81e281f6ee377b176287d026bbffc5dd342b27d1",
    "https://esm.sh/v135/@consumet/extensions@1.6.0/denonext/extensions.mjs": "41cf5db90ef79a6ca1681ffcb422b7b1f5d8a7a135050a9f08788abd7c676eba",
    "https://esm.sh/v135/ajv@6.12.6/denonext/ajv.mjs": "34edf781706f54b55f5507f059be72c1792788f2a7a5b4cdd51797dc90edc180",
    "https://esm.sh/v135/ascii-url-encoder@1.2.0/denonext/ascii-url-encoder.mjs": "34c03aa00bed55decdd8b9c908345e15960dbafe57fd319c4bf616fe7b69a320",
    "https://esm.sh/v135/asn1@0.2.6/denonext/asn1.mjs": "6c05654e48e84fa15c3370af7411565cd5e45810b213961c1f1ae71a5faa2468",
    "https://esm.sh/v135/assert-plus@1.0.0/denonext/assert-plus.mjs": "50ebe34b817cc311a7ebbe63d5af0b72ad0ab9e30b6c90e3344c11556e98e2c2",
    "https://esm.sh/v135/aws-sign2@0.7.0/denonext/aws-sign2.mjs": "acf5add98759b9dedaba54335c791f468b3fc1681f86cdc86306da24b52611e0",
    "https://esm.sh/v135/aws4@1.12.0/denonext/aws4.mjs": "a9bee7397e4d31e972b28d4cba022e92e82a7e277462662aa4d20642b2847d51",
    "https://esm.sh/v135/axios@0.27.2/denonext/axios.mjs": "785d69b2e71b19192b78be8def4ab0b488f33332a47eb5848d7d206198e2c088",
    "https://esm.sh/v135/bcrypt-pbkdf@1.0.2/denonext/bcrypt-pbkdf.mjs": "4eb45c92c86ff9433e849407f18f2239b658537e84285db46d2de4c3d53a8aff",
    "https://esm.sh/v135/bluebird@3.7.2/denonext/bluebird.mjs": "074486c9d5cc99c5303c79199f2872e8c6c9a2c33106667ac700580cdc8adce5",
    "https://esm.sh/v135/boolbase@1.0.0/denonext/boolbase.mjs": "4e3bd67e9b1c5c55094eae98345d0107c6a44ef57bd3d4b9579698fa44722280",
    "https://esm.sh/v135/caseless@0.12.0/denonext/caseless.mjs": "eac4e184e71bd3d35df9187bbbf6b6d3cc46163631bcc4a3f44ac2270e4023b7",
    "https://esm.sh/v135/cheerio-select@2.1.0/denonext/cheerio-select.mjs": "5b882e2ef61d79044badb386948403758e0b171f54bcd2f4975c502c8096a2df",
    "https://esm.sh/v135/cheerio@1.0.0-rc.12/denonext/cheerio.mjs": "857011c7a0c086bf86d6215e73851251dce13d4489d82b9a614de34d2696ce41",
    "https://esm.sh/v135/cheerio@1.0.0-rc.12/denonext/lib/utils.js": "23db4ab02bf34f134210e809b1bd4e8bc0115ce79dc0581d7a47e1a6b39fb379",
    "https://esm.sh/v135/cloudscraper@4.6.0/denonext/cloudscraper.mjs": "8602693da7a18c10ee2e799eaa48d932e55233c5bc3173888a39f5009f1d82db",
    "https://esm.sh/v135/combined-stream@1.0.8/denonext/combined-stream.mjs": "4b7a8082ef1a084bad6a435ff7f2281d499e66da5362819c23e44e11dbaddd15",
    "https://esm.sh/v135/core-util-is@1.0.2/denonext/core-util-is.mjs": "68c63612923430dfc235660d8f51ee58c62f006647fd2c7e70d2bd6cb88490a9",
    "https://esm.sh/v135/crypto-js@4.2.0/denonext/crypto-js.mjs": "d35d9b50ced9fe899eb11c99586036aa6c3d2dcf8fa3c0dfd08b3c72d3dcf934",
    "https://esm.sh/v135/css-select@5.1.0/denonext/css-select.mjs": "7f4fb680eff2223a68fb5a1efa12e905077d7e6c44ae66c01fc437fe7af58f8b",
    "https://esm.sh/v135/css-what@6.1.0/denonext/css-what.mjs": "283d02df6fef73d3223b55324b559b363dd0e4c008ea1efbcf9f14b8f2642202",
    "https://esm.sh/v135/delayed-stream@1.0.0/denonext/delayed-stream.mjs": "91dde4f416c73d8b00d12a32caa6a0bf51f475f371006b26f2dff2225c1fa602",
    "https://esm.sh/v135/dom-serializer@2.0.0/denonext/dom-serializer.mjs": "700001f5fdb9f72fc7d1f169be700489ddd7f19489b58b6e8691ff1fca9000fe",
    "https://esm.sh/v135/domelementtype@2.3.0/denonext/domelementtype.mjs": "371936c356d5ac797f2ce3a66b98dfc73e6fff0e095b2858b85668e6ad7d10e0",
    "https://esm.sh/v135/domhandler@5.0.3/denonext/domhandler.mjs": "8c6e56c4596bbe7e9fd9d615f8fcdec7f11075f217bdc966a02ebe89c01b9f6f",
    "https://esm.sh/v135/domutils@3.1.0/denonext/domutils.mjs": "2a86554cc5f543a068bbf6ea6ed0647f4ad4c3ccb555f0da9fae09180cd7b611",
    "https://esm.sh/v135/ecc-jsbn@0.1.2/denonext/ecc-jsbn.mjs": "110763dc51c55cff40b5961e60a0baa9dff8a428dcce66461ab0336f724b7230",
    "https://esm.sh/v135/ecc-jsbn@0.1.2/denonext/lib/ec.js": "f689d1dc7ee9b938eec69912ec164e4e410de16f98f8354f38e5d18efeb0e134",
    "https://esm.sh/v135/entities@4.5.0/denonext/entities.mjs": "a9e8f9c22022c34755d1189030ac30c68545ccf8532fa32654c50fe9d90a13a1",
    "https://esm.sh/v135/entities@4.5.0/denonext/lib/decode.js": "7fea6d8bd725edbbf7ea05031d2ea1bbbc1166dc11e3345d541198dd2dc16f1e",
    "https://esm.sh/v135/entities@4.5.0/denonext/lib/escape.js": "7ebdc622bf3618bab25db40da4a49e2b9d03f044745f125f0bc3359f2d060def",
    "https://esm.sh/v135/extend@3.0.2/denonext/extend.mjs": "6ab9e4890dfa54ec88fa326fca525c211141d6da72188f54e9610d1281219c9e",
    "https://esm.sh/v135/extsprintf@1.3.0/denonext/extsprintf.mjs": "dbc93e01da864a22a1fdc65ad7327750630650e4b93800bca8a6a01b15ddc62d",
    "https://esm.sh/v135/extsprintf@1.4.1/denonext/extsprintf.mjs": "8bdd25041746ec393223c2ab3f740f38d672b8f6e52e384f5c9f114688319405",
    "https://esm.sh/v135/fast-deep-equal@3.1.3/denonext/fast-deep-equal.mjs": "6313b3e05436550e1c0aeb2a282206b9b8d9213b4c6f247964dd7bb4835fb9e5",
    "https://esm.sh/v135/fast-json-stable-stringify@2.1.0/denonext/fast-json-stable-stringify.mjs": "56a4807f5bc022ed2a240d97b4ca83c1227fece1e5e7e48f1c4971cd333ee6c5",
    "https://esm.sh/v135/forever-agent@0.6.1/denonext/forever-agent.mjs": "5d244907c144ca1c911d59151fed46c3806fb13138ae9f6f6dfdd562ec07abd7",
    "https://esm.sh/v135/form-data@2.3.3/denonext/form-data.mjs": "afa71f2621744fcc0440f00ec5f86f998d8a4f83a4b8efe3a815ac7d4e2c3110",
    "https://esm.sh/v135/form-data@4.0.0/denonext/form-data.mjs": "48e84ac3b590bc364839367938d7e48ca37615a0c66e56dcc7356c3172ec7790",
    "https://esm.sh/v135/har-schema@2.0.0/denonext/har-schema.mjs": "f21658ffb9036937a5a3761fd5a97223151367a0976e14075cdd0a31827f23a5",
    "https://esm.sh/v135/har-validator@5.1.5/denonext/har-validator.mjs": "40be97ff95615e2d14fd612705e36b5670672f32c8bdcf9a9c265518625b49f8",
    "https://esm.sh/v135/htmlparser2@8.0.2/denonext/htmlparser2.mjs": "219a31d81c87d8ea21bec9be33d0d03bb8942c8b79fb8b9e2e6a05b826fc24dc",
    "https://esm.sh/v135/http-signature@1.2.0/denonext/http-signature.mjs": "1874b5a36ebbb4bb1bbfe9557ae1a659b60c6f1705155c0f548410953d7b8b34",
    "https://esm.sh/v135/is-typedarray@1.0.0/denonext/is-typedarray.mjs": "78aa6bbff21364228aaaa4c439ab26330f85890bda39f31d647979e28840183d",
    "https://esm.sh/v135/isstream@0.1.2/denonext/isstream.mjs": "79bdc5c186129e14c88b0361492326a94a0f5c6f2a2d20704f61b21dea15a9b1",
    "https://esm.sh/v135/jsbn@0.1.1/denonext/jsbn.mjs": "a9c7ddb1ee5367ee612962400062792b92f1ca9b5d88a349e2cdf9205a4966e3",
    "https://esm.sh/v135/json-schema-traverse@0.4.1/denonext/json-schema-traverse.mjs": "600fde14c574305fb803c77ef635d0d280375fb4bbea9aba4d2698b60c0c4c68",
    "https://esm.sh/v135/json-schema@0.4.0/denonext/json-schema.mjs": "41a48bdce920f69ceab755dc5b566abbb18d3cbc3fa1bdca77363b005152d495",
    "https://esm.sh/v135/json-stringify-safe@5.0.1/denonext/json-stringify-safe.mjs": "4e8043a286815d39517ff646c371ed0fc9334a44eafb5c58cb92d1bb55762671",
    "https://esm.sh/v135/jsprim@1.4.2/denonext/jsprim.mjs": "d59be95cca0a7c6b5b4dda02b1b37ecceaf25ae0a2b9c06d1f88898e6264fdfb",
    "https://esm.sh/v135/lodash@4.17.21/denonext/isArray.js": "0df45788d8e625401f40a6e6b08118bcacc4f66ac7bf2b96ed6cfdb401072997",
    "https://esm.sh/v135/lodash@4.17.21/denonext/isFunction.js": "124c36ab6bf6bcf808bea41dcf4131ed673edc9019ed5955358a3d9eacba1aa6",
    "https://esm.sh/v135/lodash@4.17.21/denonext/isObjectLike.js": "d6fa200df8c6aad4bb0ed8b07162f36596a0b229d5bd19397b04d443ed6238ad",
    "https://esm.sh/v135/lodash@4.17.21/denonext/isString.js": "da7b56e3ce755f1e9e16dd8f8e079ec5436f05a21b801e5a7221c7086b19bdbd",
    "https://esm.sh/v135/lodash@4.17.21/denonext/isUndefined.js": "b88cae1d64325a92111320d4928cfac010e1d6ba7a0beac7874f7aa37c6f3ec6",
    "https://esm.sh/v135/mime-db@1.52.0/denonext/mime-db.mjs": "52b5de94b0afa2139224f83773d90861fbc2fca6a1994f1a00a52733e14f4720",
    "https://esm.sh/v135/mime-types@2.1.35/denonext/mime-types.mjs": "17e735bb133c14d5f6e1e5fe26e92d9e4e10c738f7154ed12ff34c9a74a492cd",
    "https://esm.sh/v135/nth-check@2.1.1/denonext/nth-check.mjs": "638b4f5a22236cd05c7d1d43e5c6ea719695c4a8bc7beccdf8d97a434bea96dc",
    "https://esm.sh/v135/oauth-sign@0.9.0/denonext/oauth-sign.mjs": "7a45a8ef8cef2aefcb6c93a219b0f292564e86cbf0188dd670c749c3cde7c1c6",
    "https://esm.sh/v135/parse5-htmlparser2-tree-adapter@7.0.0/denonext/parse5-htmlparser2-tree-adapter.mjs": "2e8c24c6859e24e7c0f1e634574f8c014860868a603e85430b98212460e25091",
    "https://esm.sh/v135/parse5@7.1.2/denonext/parse5.mjs": "35bb04ec36a1c25c8cd8137296d64d16fd523a8ad1c2b63c41ba867fcd455c36",
    "https://esm.sh/v135/performance-now@2.1.0/denonext/performance-now.mjs": "a585d755e99f6bba45aee1b3c4da425a0e74f833d90031cd95d1b7c95a0ed317",
    "https://esm.sh/v135/psl@1.9.0/denonext/psl.mjs": "f40e9bcba5f6602eeb677f85f8e2b5c24b706bade58ced5b272044ebea609d9b",
    "https://esm.sh/v135/qs@6.5.3/denonext/qs.mjs": "52aacd73eca176e38c893941f231947569cd5a69e5a9c3d51c7dfd42788baa35",
    "https://esm.sh/v135/request-promise-core@1.1.4/denonext/configure/request2.js": "bd75ee7d4c528bf839c0e372890da7967eae8657b3901fa195f50ac1ccbe81fa",
    "https://esm.sh/v135/request-promise-core@1.1.4/denonext/errors.js": "d9cea5b9859e6021c457f019c0e6e288aba4f6dd50083210a3f0b154033e93e5",
    "https://esm.sh/v135/request-promise@4.2.6/denonext/request-promise.mjs": "cabe568d9f1a5ce669e10cc3be6b87749b02c5b21d01b04807350077f60efacf",
    "https://esm.sh/v135/request@2.88.2/denonext/request.mjs": "449aa8492d1a254f1e786c19ea8201ca6a8baf82cabbbe2f6ce187d10891f88a",
    "https://esm.sh/v135/safe-buffer@5.2.1/denonext/safe-buffer.mjs": "facbcb4f4622e13062978522fa12c42cae4e12f55b0e1d3fa1c4bc751bd827c7",
    "https://esm.sh/v135/safer-buffer@2.1.2/denonext/safer-buffer.mjs": "ce0e787812c668ba082ad5b75958490c714b6e05836bd5b6013d9f75727c006f",
    "https://esm.sh/v135/sshpk@1.18.0/denonext/sshpk.mjs": "e9e5aa35d6c11a3f3b4d193e9fcf0c6b29de6c8b965ef8a9e2b7877c6779061c",
    "https://esm.sh/v135/stealthy-require@1.1.1/denonext/stealthy-require.mjs": "9b05f3f8e70ba4c4607b9dcd50a4fb9eefc7618810ddadb8723d7fd0d4c1b995",
    "https://esm.sh/v135/tough-cookie@2.5.0/denonext/tough-cookie.mjs": "41fddd90297444d22d616a8b08e9c52f607d651898d7515076f40ae0c60da720",
    "https://esm.sh/v135/tunnel-agent@0.6.0/denonext/tunnel-agent.mjs": "aa03945c97482eab83c73b4c49f5977400347129d02834438a235614a3a89ba1",
    "https://esm.sh/v135/tweetnacl@0.14.5/denonext/tweetnacl.mjs": "07971fd08ba5a7cfa7c3c99e35756c877226dcfd1bd652055d8cdc4c25f8dbb2",
    "https://esm.sh/v135/uri-js@4.4.1/denonext/uri-js.mjs": "901d462f9db207376b39ec603d841d87e6b9e9568ce97dfaab12aa77d0f99f74",
    "https://esm.sh/v135/uuid@3.4.0/denonext/v4.js": "d39137361c1d3d2c96e76e2978ddd769152f3d21fa48ddc2df5d488a30856e3a",
    "https://esm.sh/v135/verror@1.10.0/denonext/verror.mjs": "d379d23283399eee270c577746438983178103fb96a7ad2f0167cceb9b9106e0"
  },
  "workspace": {
    "dependencies": [
      "jsr:@hono/hono@^4.4.11"
    ]
  }
}
